
Microsoft Visual Studio Solution File, Format Version 12.00
# Visual Studio 15
VisualStudioVersion = 15.0.28307.1259
MinimumVisualStudioVersion = 10.0.40219.1
Project("{FAE04EC0-301F-11D3-BF4B-00C04F79EFBC}") = "SchoolManagementSystem", "SchoolManagementSystem\SchoolManagementSystem.csproj", "{95BF4FA5-B28D-48EA-9A7C-FE0C344B34BD}"
EndProject
Global
	GlobalSection(SolutionConfigurationPlatforms) = preSolution
		Debug|Any CPU = Debug|Any CPU
		Release|Any CPU = Release|Any CPU
	EndGlobalSection
	GlobalSection(ProjectConfigurationPlatforms) = postSolution
		{95BF4FA5-B28D-48EA-9A7C-FE0C344B34BD}.Debug|Any CPU.ActiveCfg = Debug|Any CPU
		{95BF4FA5-B28D-48EA-9A7C-FE0C344B34BD}.Debug|Any CPU.Build.0 = Debug|Any CPU
		{95BF4FA5-B28D-48EA-9A7C-FE0C344B34BD}.Release|Any CPU.ActiveCfg = Release|Any CPU
		{95BF4FA5-B28D-48EA-9A7C-FE0C344B34BD}.Release|Any CPU.Build.0 = Release|Any CPU
	EndGlobalSection
	GlobalSection(SolutionProperties) = preSolution
		HideSolutionNode = FALSE
	EndGlobalSection
	GlobalSection(ExtensibilityGlobals) = postSolution
		SolutionGuid = {5896AD1D-1095-4249-9464-50E1105AE073}
	EndGlobalSection
EndGlobal
